
Microsoft Visual Studio Solution File, Format Version 12.00
# Visual Studio 2013
VisualStudioVersion = 12.0.31101.0
MinimumVisualStudioVersion = 10.0.40219.1
Project("{FAE04EC0-301F-11D3-BF4B-00C04F79EFBC}") = "FantasyData", "FantasyData\FantasyData.csproj", "{EEC3D83B-A3EA-4196-9557-80E40FB7BDEC}"
EndProject
Project("{FAE04EC0-301F-11D3-BF4B-00C04F79EFBC}") = "FantasyData.Utils", "FantasyData.Utils\FantasyData.Utils.csproj", "{5BF79131-00F6-4F98-975B-8FA84896B710}"
EndProject
Project("{2150E333-8FDC-42A3-9474-1A3956D46DE8}") = "NFL", "NFL", "{C9E88DBA-9D95-43D1-92A6-D50279F1576A}"
EndProject
Project("{2150E333-8FDC-42A3-9474-1A3956D46DE8}") = "MLB", "MLB", "{7A9C6BA0-4FB9-4642-84AE-DBFB72F372E5}"
EndProject
Project("{FAE04EC0-301F-11D3-BF4B-00C04F79EFBC}") = "FantasyData.MLB.Entities", "MLB\FantasyData.MLB.Entities\FantasyData.MLB.Entities.csproj", "{035AB67D-994B-4835-89C9-C750BC9B3492}"
EndProject
Project("{FAE04EC0-301F-11D3-BF4B-00C04F79EFBC}") = "FantasyData.MLB", "MLB\FantasyData.MLB\FantasyData.MLB.csproj", "{EA5DBE35-046B-4693-A690-0CE90789C46F}"
EndProject
Project("{FAE04EC0-301F-11D3-BF4B-00C04F79EFBC}") = "FantasyData.NFL.Entities", "NFL\FantasyData.NFL.Entities\FantasyData.NFL.Entities.csproj", "{178FAF6E-BFEE-4C70-80B1-CD3848C41722}"
EndProject
Project("{FAE04EC0-301F-11D3-BF4B-00C04F79EFBC}") = "FantasyData.NFL", "NFL\FantasyData.NFL\FantasyData.NFL.csproj", "{D69A90AD-FBD8-40D7-BDA7-C4BF63E5662D}"
EndProject
Project("{FAE04EC0-301F-11D3-BF4B-00C04F79EFBC}") = "FantasyData.NFLTests", "NFL\FantasyData.NFLTests\FantasyData.NFLTests.csproj", "{A8E7C0D2-E36B-43FF-8075-8636BAC6779B}"
EndProject
Project("{FAE04EC0-301F-11D3-BF4B-00C04F79EFBC}") = "FantasyData.MLBTests", "MLB\FantasyData.MLBTests\FantasyData.MLBTests.csproj", "{8E8B238F-85D0-49F0-9415-76659C1F67AB}"
EndProject
Global
	GlobalSection(SolutionConfigurationPlatforms) = preSolution
		Debug|Any CPU = Debug|Any CPU
		Release|Any CPU = Release|Any CPU
	EndGlobalSection
	GlobalSection(ProjectConfigurationPlatforms) = postSolution
		{EEC3D83B-A3EA-4196-9557-80E40FB7BDEC}.Debug|Any CPU.ActiveCfg = Debug|Any CPU
		{EEC3D83B-A3EA-4196-9557-80E40FB7BDEC}.Debug|Any CPU.Build.0 = Debug|Any CPU
		{EEC3D83B-A3EA-4196-9557-80E40FB7BDEC}.Release|Any CPU.ActiveCfg = Release|Any CPU
		{EEC3D83B-A3EA-4196-9557-80E40FB7BDEC}.Release|Any CPU.Build.0 = Release|Any CPU
		{5BF79131-00F6-4F98-975B-8FA84896B710}.Debug|Any CPU.ActiveCfg = Debug|Any CPU
		{5BF79131-00F6-4F98-975B-8FA84896B710}.Debug|Any CPU.Build.0 = Debug|Any CPU
		{5BF79131-00F6-4F98-975B-8FA84896B710}.Release|Any CPU.ActiveCfg = Release|Any CPU
		{5BF79131-00F6-4F98-975B-8FA84896B710}.Release|Any CPU.Build.0 = Release|Any CPU
		{035AB67D-994B-4835-89C9-C750BC9B3492}.Debug|Any CPU.ActiveCfg = Debug|Any CPU
		{035AB67D-994B-4835-89C9-C750BC9B3492}.Debug|Any CPU.Build.0 = Debug|Any CPU
		{035AB67D-994B-4835-89C9-C750BC9B3492}.Release|Any CPU.ActiveCfg = Release|Any CPU
		{035AB67D-994B-4835-89C9-C750BC9B3492}.Release|Any CPU.Build.0 = Release|Any CPU
		{EA5DBE35-046B-4693-A690-0CE90789C46F}.Debug|Any CPU.ActiveCfg = Debug|Any CPU
		{EA5DBE35-046B-4693-A690-0CE90789C46F}.Debug|Any CPU.Build.0 = Debug|Any CPU
		{EA5DBE35-046B-4693-A690-0CE90789C46F}.Release|Any CPU.ActiveCfg = Release|Any CPU
		{EA5DBE35-046B-4693-A690-0CE90789C46F}.Release|Any CPU.Build.0 = Release|Any CPU
		{178FAF6E-BFEE-4C70-80B1-CD3848C41722}.Debug|Any CPU.ActiveCfg = Debug|Any CPU
		{178FAF6E-BFEE-4C70-80B1-CD3848C41722}.Debug|Any CPU.Build.0 = Debug|Any CPU
		{178FAF6E-BFEE-4C70-80B1-CD3848C41722}.Release|Any CPU.ActiveCfg = Release|Any CPU
		{178FAF6E-BFEE-4C70-80B1-CD3848C41722}.Release|Any CPU.Build.0 = Release|Any CPU
		{D69A90AD-FBD8-40D7-BDA7-C4BF63E5662D}.Debug|Any CPU.ActiveCfg = Debug|Any CPU
		{D69A90AD-FBD8-40D7-BDA7-C4BF63E5662D}.Debug|Any CPU.Build.0 = Debug|Any CPU
		{D69A90AD-FBD8-40D7-BDA7-C4BF63E5662D}.Release|Any CPU.ActiveCfg = Release|Any CPU
		{D69A90AD-FBD8-40D7-BDA7-C4BF63E5662D}.Release|Any CPU.Build.0 = Release|Any CPU
		{A8E7C0D2-E36B-43FF-8075-8636BAC6779B}.Debug|Any CPU.ActiveCfg = Debug|Any CPU
		{A8E7C0D2-E36B-43FF-8075-8636BAC6779B}.Debug|Any CPU.Build.0 = Debug|Any CPU
		{A8E7C0D2-E36B-43FF-8075-8636BAC6779B}.Release|Any CPU.ActiveCfg = Release|Any CPU
		{A8E7C0D2-E36B-43FF-8075-8636BAC6779B}.Release|Any CPU.Build.0 = Release|Any CPU
		{8E8B238F-85D0-49F0-9415-76659C1F67AB}.Debug|Any CPU.ActiveCfg = Debug|Any CPU
		{8E8B238F-85D0-49F0-9415-76659C1F67AB}.Debug|Any CPU.Build.0 = Debug|Any CPU
		{8E8B238F-85D0-49F0-9415-76659C1F67AB}.Release|Any CPU.ActiveCfg = Release|Any CPU
		{8E8B238F-85D0-49F0-9415-76659C1F67AB}.Release|Any CPU.Build.0 = Release|Any CPU
	EndGlobalSection
	GlobalSection(SolutionProperties) = preSolution
		HideSolutionNode = FALSE
	EndGlobalSection
	GlobalSection(NestedProjects) = preSolution
		{035AB67D-994B-4835-89C9-C750BC9B3492} = {7A9C6BA0-4FB9-4642-84AE-DBFB72F372E5}
		{EA5DBE35-046B-4693-A690-0CE90789C46F} = {7A9C6BA0-4FB9-4642-84AE-DBFB72F372E5}
		{178FAF6E-BFEE-4C70-80B1-CD3848C41722} = {C9E88DBA-9D95-43D1-92A6-D50279F1576A}
		{D69A90AD-FBD8-40D7-BDA7-C4BF63E5662D} = {C9E88DBA-9D95-43D1-92A6-D50279F1576A}
		{A8E7C0D2-E36B-43FF-8075-8636BAC6779B} = {C9E88DBA-9D95-43D1-92A6-D50279F1576A}
		{8E8B238F-85D0-49F0-9415-76659C1F67AB} = {7A9C6BA0-4FB9-4642-84AE-DBFB72F372E5}
	EndGlobalSection
EndGlobal
